Microsoft Visual Studio Solution File, Format Version 12.00
# Visual Studio Version 17
VisualStudioVersion = 17.7.34221.43
MinimumVisualStudioVersion = 10.0.40219.1
Project("{8BC9CEB8-8B4A-11D0-8D11-00A0C91BC942}") = "App", "App\App.vcxproj", "{C5912754-A6C8-4A56-BC3A-035EF5E4BF39}"
EndProject
Project("{8BC9CEB8-8B4A-11D0-8D11-00A0C91BC942}") = "TestApp", "TestApp\TestApp.vcxproj", "{1E2A1E9E-313C-42B6-9042-E8D0166339F8}"
EndProject
Global
	GlobalSection(SolutionConfigurationPlatforms) = preSolution
		Debug|x64 = Debug|x64
		Debug|x86 = Debug|x86
		Release|x64 = Release|x64
		Release|x86 = Release|x86
	EndGlobalSection
	GlobalSection(ProjectConfigurationPlatforms) = postSolution
		{C5912754-A6C8-4A56-BC3A-035EF5E4BF39}.Debug|x64.ActiveCfg = Debug|x64
		{C5912754-A6C8-4A56-BC3A-035EF5E4BF39}.Debug|x64.Build.0 = Debug|x64
		{C5912754-A6C8-4A56-BC3A-035EF5E4BF39}.Debug|x86.ActiveCfg = Debug|Win32
		{C5912754-A6C8-4A56-BC3A-035EF5E4BF39}.Debug|x86.Build.0 = Debug|Win32
		{C5912754-A6C8-4A56-BC3A-035EF5E4BF39}.Release|x64.ActiveCfg = Release|x64
		{C5912754-A6C8-4A56-BC3A-035EF5E4BF39}.Release|x64.Build.0 = Release|x64
		{C5912754-A6C8-4A56-BC3A-035EF5E4BF39}.Release|x86.ActiveCfg = Release|Win32
		{C5912754-A6C8-4A56-BC3A-035EF5E4BF39}.Release|x86.Build.0 = Release|Win32
		{1E2A1E9E-313C-42B6-9042-E8D0166339F8}.Debug|x64.ActiveCfg = Debug|x64
		{1E2A1E9E-313C-42B6-9042-E8D0166339F8}.Debug|x64.Build.0 = Debug|x64
		{1E2A1E9E-313C-42B6-9042-E8D0166339F8}.Debug|x86.ActiveCfg = Debug|Win32
		{1E2A1E9E-313C-42B6-9042-E8D0166339F8}.Debug|x86.Build.0 = Debug|Win32
		{1E2A1E9E-313C-42B6-9042-E8D0166339F8}.Release|x64.ActiveCfg = Release|x64
		{1E2A1E9E-313C-42B6-9042-E8D0166339F8}.Release|x64.Build.0 = Release|x64
		{1E2A1E9E-313C-42B6-9042-E8D0166339F8}.Release|x86.ActiveCfg = Release|Win32
		{1E2A1E9E-313C-42B6-9042-E8D0166339F8}.Release|x86.Build.0 = Release|Win32
	EndGlobalSection
	GlobalSection(SolutionProperties) = preSolution
		HideSolutionNode = FALSE
	EndGlobalSection
	GlobalSection(ExtensibilityGlobals) = postSolution
		SolutionGuid = {8AB67AA7-D94D-4D64-9A81-0A645A06E715}
	EndGlobalSection
EndGlobal
